// !$*UTF8*$!
{
	archiveVersion = 1;
	classes = {
	};
	objectVersion = 46;
	objects = {

/* Begin PBXBuildFile section */
		A859DB301CE1984600AB0590 /* main.m in Sources */ = {isa = PBXBuildFile; fileRef = A859DB2F1CE1984600AB0590 /* main.m */; };
		A859DB331CE1984600AB0590 /* AppDelegate.m in Sources */ = {isa = PBXBuildFile; fileRef = A859DB321CE1984600AB0590 /* AppDelegate.m */; };
		A859DB391CE1984600AB0590 /* Main.storyboard in Resources */ = {isa = PBXBuildFile; fileRef = A859DB371CE1984600AB0590 /* Main.storyboard */; };
		A859DB3B1CE1984600AB0590 /* Assets.xcassets in Resources */ = {isa = PBXBuildFile; fileRef = A859DB3A1CE1984600AB0590 /* Assets.xcassets */; };
		A859DB3E1CE1984600AB0590 /* LaunchScreen.storyboard in Resources */ = {isa = PBXBuildFile; fileRef = A859DB3C1CE1984600AB0590 /* LaunchScreen.storyboard */; };
		A859DB4A1CE199D600AB0590 /* EJMainViewController.m in Sources */ = {isa = PBXBuildFile; fileRef = A859DB491CE199D600AB0590 /* EJMainViewController.m */; };
		A859DB4D1CE19AEF00AB0590 /* EJTableViewCell.m in Sources */ = {isa = PBXBuildFile; fileRef = A859DB4C1CE19AEF00AB0590 /* EJTableViewCell.m */; };
		A859DB501CE19D9C00AB0590 /* EJData.m in Sources */ = {isa = PBXBuildFile; fileRef = A859DB4F1CE19D9C00AB0590 /* EJData.m */; };
		A859DB561CE1B18500AB0590 /* EJProgressView.m in Sources */ = {isa = PBXBuildFile; fileRef = A859DB551CE1B18500AB0590 /* EJProgressView.m */; };
		A859DB591CE1B37200AB0590 /* bar_red.png in Resources */ = {isa = PBXBuildFile; fileRef = A859DB571CE1B37200AB0590 /* bar_red.png */; };
		A859DB5A1CE1B37200AB0590 /* bar_white.png in Resources */ = {isa = PBXBuildFile; fileRef = A859DB581CE1B37200AB0590 /* bar_white.png */; };
		A859DB601CE1BDA200AB0590 /* EJNavigationBar.m in Sources */ = {isa = PBXBuildFile; fileRef = A859DB5F1CE1BDA200AB0590 /* EJNavigationBar.m */; };
		A86F89FB1CEADD61005C53BE /* EJSetDayViewController.m in Sources */ = {isa = PBXBuildFile; fileRef = A86F89FA1CEADD61005C53BE /* EJSetDayViewController.m */; };
		A86F8A001CEAE9A8005C53BE /* EJColorLib.m in Sources */ = {isa = PBXBuildFile; fileRef = A86F89FF1CEAE9A8005C53BE /* EJColorLib.m */; };
		A86F8A071CEB0654005C53BE /* female.png in Resources */ = {isa = PBXBuildFile; fileRef = A86F8A051CEB0654005C53BE /* female.png */; };
		A86F8A081CEB0654005C53BE /* male.png in Resources */ = {isa = PBXBuildFile; fileRef = A86F8A061CEB0654005C53BE /* male.png */; };
		A86F8A1A1CEC37D6005C53BE /* Info.plist in Resources */ = {isa = PBXBuildFile; fileRef = A86F8A0E1CEC37D6005C53BE /* Info.plist */; };
		A86F8A1B1CEC37D6005C53BE /* PDTSimpleCalendarViewCell.m in Sources */ = {isa = PBXBuildFile; fileRef = A86F8A111CEC37D6005C53BE /* PDTSimpleCalendarViewCell.m */; };
		A86F8A1C1CEC37D6005C53BE /* PDTSimpleCalendarViewController.m in Sources */ = {isa = PBXBuildFile; fileRef = A86F8A131CEC37D6005C53BE /* PDTSimpleCalendarViewController.m */; };
		A86F8A1D1CEC37D6005C53BE /* PDTSimpleCalendarViewFlowLayout.m in Sources */ = {isa = PBXBuildFile; fileRef = A86F8A151CEC37D6005C53BE /* PDTSimpleCalendarViewFlowLayout.m */; };
		A86F8A1E1CEC37D6005C53BE /* PDTSimpleCalendarViewHeader.m in Sources */ = {isa = PBXBuildFile; fileRef = A86F8A171CEC37D6005C53BE /* PDTSimpleCalendarViewHeader.m */; };
		A86F8A1F1CEC37D6005C53BE /* PDTSimpleCalendarViewWeekdayHeader.m in Sources */ = {isa = PBXBuildFile; fileRef = A86F8A191CEC37D6005C53BE /* PDTSimpleCalendarViewWeekdayHeader.m */; };
		A8F0DC291CE95CA500ADEE76 /* EJAddViewController.m in Sources */ = {isa = PBXBuildFile; fileRef = A8F0DC281CE95CA500ADEE76 /* EJAddViewController.m */; };
		BB9574381CF2F9C9001DC8C8 /* EJDateLib.m in Sources */ = {isa = PBXBuildFile; fileRef = BB9574371CF2F9C9001DC8C8 /* EJDateLib.m */; };
/* End PBXBuildFile section */

/* Begin PBXFileReference section */
		A859DB2B1CE1984500AB0590 /* AT_benchmarking.app */ = {isa = PBXFileReference; explicitFileType = wrapper.application; includeInIndex = 0; path = AT_benchmarking.app; sourceTree = BUILT_PRODUCTS_DIR; };
		A859DB2F1CE1984600AB0590 /* main.m */ = {isa = PBXFileReference; lastKnownFileType = sourcecode.c.objc; path = main.m; sourceTree = "<group>"; };
		A859DB311CE1984600AB0590 /* AppDelegate.h */ = {isa = PBXFileReference; lastKnownFileType = sourcecode.c.h; path = AppDelegate.h; sourceTree = "<group>"; };
		A859DB321CE1984600AB0590 /* AppDelegate.m */ = {isa = PBXFileReference; lastKnownFileType = sourcecode.c.objc; path = AppDelegate.m; sourceTree = "<group>"; };
		A859DB381CE1984600AB0590 /* Base */ = {isa = PBXFileReference; lastKnownFileType = file.storyboard; name = Base; path = Base.lproj/Main.storyboard; sourceTree = "<group>"; };
		A859DB3A1CE1984600AB0590 /* Assets.xcassets */ = {isa = PBXFileReference; lastKnownFileType = folder.assetcatalog; path = Assets.xcassets; sourceTree = "<group>"; };
		A859DB3D1CE1984600AB0590 /* Base */ = {isa = PBXFileReference; lastKnownFileType = file.storyboard; name = Base; path = Base.lproj/LaunchScreen.storyboard; sourceTree = "<group>"; };
		A859DB3F1CE1984600AB0590 /* Info.plist */ = {isa = PBXFileReference; lastKnownFileType = text.plist.xml; path = Info.plist; sourceTree = "<group>"; };
		A859DB481CE199D600AB0590 /* EJMainViewController.h */ = {isa = PBXFileReference; fileEncoding = 4; lastKnownFileType = sourcecode.c.h; path = EJMainViewController.h; sourceTree = "<group>"; };
		A859DB491CE199D600AB0590 /* EJMainViewController.m */ = {isa = PBXFileReference; fileEncoding = 4; lastKnownFileType = sourcecode.c.objc; path = EJMainViewController.m; sourceTree = "<group>"; };
		A859DB4B1CE19AEF00AB0590 /* EJTableViewCell.h */ = {isa = PBXFileReference; fileEncoding = 4; lastKnownFileType = sourcecode.c.h; path = EJTableViewCell.h; sourceTree = "<group>"; };
		A859DB4C1CE19AEF00AB0590 /* EJTableViewCell.m */ = {isa = PBXFileReference; fileEncoding = 4; lastKnownFileType = sourcecode.c.objc; path = EJTableViewCell.m; sourceTree = "<group>"; };
		A859DB4E1CE19D9C00AB0590 /* EJData.h */ = {isa = PBXFileReference; fileEncoding = 4; lastKnownFileType = sourcecode.c.h; path = EJData.h; sourceTree = "<group>"; };
		A859DB4F1CE19D9C00AB0590 /* EJData.m */ = {isa = PBXFileReference; fileEncoding = 4; lastKnownFileType = sourcecode.c.objc; path = EJData.m; sourceTree = "<group>"; };
		A859DB541CE1B18500AB0590 /* EJProgressView.h */ = {isa = PBXFileReference; fileEncoding = 4; lastKnownFileType = sourcecode.c.h; path = EJProgressView.h; sourceTree = "<group>"; };
		A859DB551CE1B18500AB0590 /* EJProgressView.m */ = {isa = PBXFileReference; fileEncoding = 4; lastKnownFileType = sourcecode.c.objc; path = EJProgressView.m; sourceTree = "<group>"; };
		A859DB571CE1B37200AB0590 /* bar_red.png */ = {isa = PBXFileReference; lastKnownFileType = image.png; path = bar_red.png; sourceTree = "<group>"; };
		A859DB581CE1B37200AB0590 /* bar_white.png */ = {isa = PBXFileReference; lastKnownFileType = image.png; path = bar_white.png; sourceTree = "<group>"; };
		A859DB5E1CE1BDA200AB0590 /* EJNavigationBar.h */ = {isa = PBXFileReference; fileEncoding = 4; lastKnownFileType = sourcecode.c.h; path = EJNavigationBar.h; sourceTree = "<group>"; };
		A859DB5F1CE1BDA200AB0590 /* EJNavigationBar.m */ = {isa = PBXFileReference; fileEncoding = 4; lastKnownFileType = sourcecode.c.objc; path = EJNavigationBar.m; sourceTree = "<group>"; };
		A86F89F91CEADD61005C53BE /* EJSetDayViewController.h */ = {isa = PBXFileReference; fileEncoding = 4; lastKnownFileType = sourcecode.c.h; path = EJSetDayViewController.h; sourceTree = "<group>"; };
		A86F89FA1CEADD61005C53BE /* EJSetDayViewController.m */ = {isa = PBXFileReference; fileEncoding = 4; lastKnownFileType = sourcecode.c.objc; path = EJSetDayViewController.m; sourceTree = "<group>"; };
		A86F89FE1CEAE9A8005C53BE /* EJColorLib.h */ = {isa = PBXFileReference; fileEncoding = 4; lastKnownFileType = sourcecode.c.h; path = EJColorLib.h; sourceTree = "<group>"; };
		A86F89FF1CEAE9A8005C53BE /* EJColorLib.m */ = {isa = PBXFileReference; fileEncoding = 4; lastKnownFileType = sourcecode.c.objc; path = EJColorLib.m; sourceTree = "<group>"; };
		A86F8A051CEB0654005C53BE /* female.png */ = {isa = PBXFileReference; lastKnownFileType = image.png; path = female.png; sourceTree = "<group>"; };
		A86F8A061CEB0654005C53BE /* male.png */ = {isa = PBXFileReference; lastKnownFileType = image.png; path = male.png; sourceTree = "<group>"; };
		A86F8A0E1CEC37D6005C53BE /* Info.plist */ = {isa = PBXFileReference; fileEncoding = 4; lastKnownFileType = text.plist.xml; path = Info.plist; sourceTree = "<group>"; };
		A86F8A0F1CEC37D6005C53BE /* PDTSimpleCalendar.h */ = {isa = PBXFileReference; fileEncoding = 4; lastKnownFileType = sourcecode.c.h; path = PDTSimpleCalendar.h; sourceTree = "<group>"; };
		A86F8A101CEC37D6005C53BE /* PDTSimpleCalendarViewCell.h */ = {isa = PBXFileReference; fileEncoding = 4; lastKnownFileType = sourcecode.c.h; path = PDTSimpleCalendarViewCell.h; sourceTree = "<group>"; };
		A86F8A111CEC37D6005C53BE /* PDTSimpleCalendarViewCell.m */ = {isa = PBXFileReference; fileEncoding = 4; lastKnownFileType = sourcecode.c.objc; path = PDTSimpleCalendarViewCell.m; sourceTree = "<group>"; };
		A86F8A121CEC37D6005C53BE /* PDTSimpleCalendarViewController.h */ = {isa = PBXFileReference; fileEncoding = 4; lastKnownFileType = sourcecode.c.h; path = PDTSimpleCalendarViewController.h; sourceTree = "<group>"; };
		A86F8A131CEC37D6005C53BE /* PDTSimpleCalendarViewController.m */ = {isa = PBXFileReference; fileEncoding = 4; lastKnownFileType = sourcecode.c.objc; path = PDTSimpleCalendarViewController.m; sourceTree = "<group>"; };
		A86F8A141CEC37D6005C53BE /* PDTSimpleCalendarViewFlowLayout.h */ = {isa = PBXFileReference; fileEncoding = 4; lastKnownFileType = sourcecode.c.h; path = PDTSimpleCalendarViewFlowLayout.h; sourceTree = "<group>"; };
		A86F8A151CEC37D6005C53BE /* PDTSimpleCalendarViewFlowLayout.m */ = {isa = PBXFileReference; fileEncoding = 4; lastKnownFileType = sourcecode.c.objc; path = PDTSimpleCalendarViewFlowLayout.m; sourceTree = "<group>"; };
		A86F8A161CEC37D6005C53BE /* PDTSimpleCalendarViewHeader.h */ = {isa = PBXFileReference; fileEncoding = 4; lastKnownFileType = sourcecode.c.h; path = PDTSimpleCalendarViewHeader.h; sourceTree = "<group>"; };
		A86F8A171CEC37D6005C53BE /* PDTSimpleCalendarViewHeader.m */ = {isa = PBXFileReference; fileEncoding = 4; lastKnownFileType = sourcecode.c.objc; path = PDTSimpleCalendarViewHeader.m; sourceTree = "<group>"; };
		A86F8A181CEC37D6005C53BE /* PDTSimpleCalendarViewWeekdayHeader.h */ = {isa = PBXFileReference; fileEncoding = 4; lastKnownFileType = sourcecode.c.h; path = PDTSimpleCalendarViewWeekdayHeader.h; sourceTree = "<group>"; };
		A86F8A191CEC37D6005C53BE /* PDTSimpleCalendarViewWeekdayHeader.m */ = {isa = PBXFileReference; fileEncoding = 4; lastKnownFileType = sourcecode.c.objc; path = PDTSimpleCalendarViewWeekdayHeader.m; sourceTree = "<group>"; };
		A8F0DC271CE95CA500ADEE76 /* EJAddViewController.h */ = {isa = PBXFileReference; fileEncoding = 4; lastKnownFileType = sourcecode.c.h; path = EJAddViewController.h; sourceTree = "<group>"; };
		A8F0DC281CE95CA500ADEE76 /* EJAddViewController.m */ = {isa = PBXFileReference; fileEncoding = 4; lastKnownFileType = sourcecode.c.objc; path = EJAddViewController.m; sourceTree = "<group>"; };
		BB9574361CF2F9C9001DC8C8 /* EJDateLib.h */ = {isa = PBXFileReference; fileEncoding = 4; lastKnownFileType = sourcecode.c.h; path = EJDateLib.h; sourceTree = "<group>"; };
		BB9574371CF2F9C9001DC8C8 /* EJDateLib.m */ = {isa = PBXFileReference; fileEncoding = 4; lastKnownFileType = sourcecode.c.objc; path = EJDateLib.m; sourceTree = "<group>"; };
/* End PBXFileReference section */

/* Begin PBXFrameworksBuildPhase section */
		A859DB281CE1984500AB0590 /* Frameworks */ = {
			isa = PBXFrameworksBuildPhase;
			buildActionMask = 2147483647;
			files = (
			);
			runOnlyForDeploymentPostprocessing = 0;
		};
/* End PBXFrameworksBuildPhase section */

/* Begin PBXGroup section */
		A859DB221CE1984500AB0590 = {
			isa = PBXGroup;
			children = (
				A859DB2D1CE1984600AB0590 /* AT_benchmarking */,
				A859DB2C1CE1984500AB0590 /* Products */,
			);
			sourceTree = "<group>";
		};
		A859DB2C1CE1984500AB0590 /* Products */ = {
			isa = PBXGroup;
			children = (
				A859DB2B1CE1984500AB0590 /* AT_benchmarking.app */,
			);
			name = Products;
			sourceTree = "<group>";
		};
		A859DB2D1CE1984600AB0590 /* AT_benchmarking */ = {
			isa = PBXGroup;
			children = (
				A86F8A0D1CEC37D6005C53BE /* PDTSimpleCalendar */,
				A86F8A051CEB0654005C53BE /* female.png */,
				A86F8A061CEB0654005C53BE /* male.png */,
				A859DB311CE1984600AB0590 /* AppDelegate.h */,
				A859DB321CE1984600AB0590 /* AppDelegate.m */,
				A859DB371CE1984600AB0590 /* Main.storyboard */,
				A859DB3A1CE1984600AB0590 /* Assets.xcassets */,
				A859DB3C1CE1984600AB0590 /* LaunchScreen.storyboard */,
				A859DB3F1CE1984600AB0590 /* Info.plist */,
				A859DB2E1CE1984600AB0590 /* Supporting Files */,
				A859DB481CE199D600AB0590 /* EJMainViewController.h */,
				A859DB491CE199D600AB0590 /* EJMainViewController.m */,
				A859DB4B1CE19AEF00AB0590 /* EJTableViewCell.h */,
				A859DB4C1CE19AEF00AB0590 /* EJTableViewCell.m */,
				A859DB4E1CE19D9C00AB0590 /* EJData.h */,
				A859DB4F1CE19D9C00AB0590 /* EJData.m */,
				A859DB541CE1B18500AB0590 /* EJProgressView.h */,
				A859DB551CE1B18500AB0590 /* EJProgressView.m */,
				A859DB571CE1B37200AB0590 /* bar_red.png */,
				A859DB581CE1B37200AB0590 /* bar_white.png */,
				A859DB5E1CE1BDA200AB0590 /* EJNavigationBar.h */,
				A859DB5F1CE1BDA200AB0590 /* EJNavigationBar.m */,
				A8F0DC271CE95CA500ADEE76 /* EJAddViewController.h */,
				A8F0DC281CE95CA500ADEE76 /* EJAddViewController.m */,
				A86F89F91CEADD61005C53BE /* EJSetDayViewController.h */,
				A86F89FA1CEADD61005C53BE /* EJSetDayViewController.m */,
				A86F89FE1CEAE9A8005C53BE /* EJColorLib.h */,
				A86F89FF1CEAE9A8005C53BE /* EJColorLib.m */,
				BB9574361CF2F9C9001DC8C8 /* EJDateLib.h */,
				BB9574371CF2F9C9001DC8C8 /* EJDateLib.m */,
			);
			path = AT_benchmarking;
			sourceTree = "<group>";
		};
		A859DB2E1CE1984600AB0590 /* Supporting Files */ = {
			isa = PBXGroup;
			children = (
				A859DB2F1CE1984600AB0590 /* main.m */,
			);
			name = "Supporting Files";
			sourceTree = "<group>";
		};
		A86F8A0D1CEC37D6005C53BE /* PDTSimpleCalendar */ = {
			isa = PBXGroup;
			children = (
				A86F8A0E1CEC37D6005C53BE /* Info.plist */,
				A86F8A0F1CEC37D6005C53BE /* PDTSimpleCalendar.h */,
				A86F8A101CEC37D6005C53BE /* PDTSimpleCalendarViewCell.h */,
				A86F8A111CEC37D6005C53BE /* PDTSimpleCalendarViewCell.m */,
				A86F8A121CEC37D6005C53BE /* PDTSimpleCalendarViewController.h */,
				A86F8A131CEC37D6005C53BE /* PDTSimpleCalendarViewController.m */,
				A86F8A141CEC37D6005C53BE /* PDTSimpleCalendarViewFlowLayout.h */,
				A86F8A151CEC37D6005C53BE /* PDTSimpleCalendarViewFlowLayout.m */,
				A86F8A161CEC37D6005C53BE /* PDTSimpleCalendarViewHeader.h */,
				A86F8A171CEC37D6005C53BE /* PDTSimpleCalendarViewHeader.m */,
				A86F8A181CEC37D6005C53BE /* PDTSimpleCalendarViewWeekdayHeader.h */,
				A86F8A191CEC37D6005C53BE /* PDTSimpleCalendarViewWeekdayHeader.m */,
			);
			path = PDTSimpleCalendar;
			sourceTree = "<group>";
		};
/* End PBXGroup section */

/* Begin PBXNativeTarget section */
		A859DB2A1CE1984500AB0590 /* AT_benchmarking */ = {
			isa = PBXNativeTarget;
			buildConfigurationList = A859DB421CE1984600AB0590 /* Build configuration list for PBXNativeTarget "AT_benchmarking" */;
			buildPhases = (
				A859DB271CE1984500AB0590 /* Sources */,
				A859DB281CE1984500AB0590 /* Frameworks */,
				A859DB291CE1984500AB0590 /* Resources */,
			);
			buildRules = (
			);
			dependencies = (
			);
			name = AT_benchmarking;
			productName = AT_benchmarking;
			productReference = A859DB2B1CE1984500AB0590 /* AT_benchmarking.app */;
			productType = "com.apple.product-type.application";
		};
/* End PBXNativeTarget section */

/* Begin PBXProject section */
		A859DB231CE1984500AB0590 /* Project object */ = {
			isa = PBXProject;
			attributes = {
				LastUpgradeCheck = 0730;
				ORGANIZATIONNAME = "Jay Im";
				TargetAttributes = {
					A859DB2A1CE1984500AB0590 = {
						CreatedOnToolsVersion = 7.3.1;
					};
				};
			};
			buildConfigurationList = A859DB261CE1984500AB0590 /* Build configuration list for PBXProject "AT_benchmarking" */;
			compatibilityVersion = "Xcode 3.2";
			developmentRegion = English;
			hasScannedForEncodings = 0;
			knownRegions = (
				en,
				Base,
			);
			mainGroup = A859DB221CE1984500AB0590;
			productRefGroup = A859DB2C1CE1984500AB0590 /* Products */;
			projectDirPath = "";
			projectRoot = "";
			targets = (
				A859DB2A1CE1984500AB0590 /* AT_benchmarking */,
			);
		};
/* End PBXProject section */

/* Begin PBXResourcesBuildPhase section */
		A859DB291CE1984500AB0590 /* Resources */ = {
			isa = PBXResourcesBuildPhase;
			buildActionMask = 2147483647;
			files = (
				A86F8A1A1CEC37D6005C53BE /* Info.plist in Resources */,
				A859DB3E1CE1984600AB0590 /* LaunchScreen.storyboard in Resources */,
				A859DB5A1CE1B37200AB0590 /* bar_white.png in Resources */,
				A859DB591CE1B37200AB0590 /* bar_red.png in Resources */,
				A859DB3B1CE1984600AB0590 /* Assets.xcassets in Resources */,
				A86F8A081CEB0654005C53BE /* male.png in Resources */,
				A859DB391CE1984600AB0590 /* Main.storyboard in Resources */,
				A86F8A071CEB0654005C53BE /* female.png in Resources */,
			);
			runOnlyForDeploymentPostprocessing = 0;
		};
/* End PBXResourcesBuildPhase section */

/* Begin PBXSourcesBuildPhase section */
		A859DB271CE1984500AB0590 /* Sources */ = {
			isa = PBXSourcesBuildPhase;
			buildActionMask = 2147483647;
			files = (
				A859DB4A1CE199D600AB0590 /* EJMainViewController.m in Sources */,
				A86F8A1D1CEC37D6005C53BE /* PDTSimpleCalendarViewFlowLayout.m in Sources */,
				A859DB331CE1984600AB0590 /* AppDelegate.m in Sources */,
				A86F8A1B1CEC37D6005C53BE /* PDTSimpleCalendarViewCell.m in Sources */,
				A86F89FB1CEADD61005C53BE /* EJSetDayViewController.m in Sources */,
				A859DB601CE1BDA200AB0590 /* EJNavigationBar.m in Sources */,
				A86F8A1E1CEC37D6005C53BE /* PDTSimpleCalendarViewHeader.m in Sources */,
				A86F8A1C1CEC37D6005C53BE /* PDTSimpleCalendarViewController.m in Sources */,
				A86F8A001CEAE9A8005C53BE /* EJColorLib.m in Sources */,
				A859DB4D1CE19AEF00AB0590 /* EJTableViewCell.m in Sources */,
				BB9574381CF2F9C9001DC8C8 /* EJDateLib.m in Sources */,
				A859DB501CE19D9C00AB0590 /* EJData.m in Sources */,
				A86F8A1F1CEC37D6005C53BE /* PDTSimpleCalendarViewWeekdayHeader.m in Sources */,
				A859DB561CE1B18500AB0590 /* EJProgressView.m in Sources */,
				A859DB301CE1984600AB0590 /* main.m in Sources */,
				A8F0DC291CE95CA500ADEE76 /* EJAddViewController.m in Sources */,
			);
			runOnlyForDeploymentPostprocessing = 0;
		};
/* End PBXSourcesBuildPhase section */

/* Begin PBXVariantGroup section */
		A859DB371CE1984600AB0590 /* Main.storyboard */ = {
			isa = PBXVariantGroup;
			children = (
				A859DB381CE1984600AB0590 /* Base */,
			);
			name = Main.storyboard;
			sourceTree = "<group>";
		};
		A859DB3C1CE1984600AB0590 /* LaunchScreen.storyboard */ = {
			isa = PBXVariantGroup;
			children = (
				A859DB3D1CE1984600AB0590 /* Base */,
			);
			name = LaunchScreen.storyboard;
			sourceTree = "<group>";
		};
/* End PBXVariantGroup section */

/* Begin XCBuildConfiguration section */
		A859DB401CE1984600AB0590 /* Debug */ = {
			isa = XCBuildConfiguration;
			buildSettings = {
				ALWAYS_SEARCH_USER_PATHS = NO;
				CLANG_ANALYZER_NONNULL = YES;
				CLANG_CXX_LANGUAGE_STANDARD = "gnu++0x";
				CLANG_CXX_LIBRARY = "libc++";
				CLANG_ENABLE_MODULES = YES;
				CLANG_ENABLE_OBJC_ARC = YES;
				CLANG_WARN_BOOL_CONVERSION = YES;
				CLANG_WARN_CONSTANT_CONVERSION = YES;
				CLANG_WARN_DIRECT_OBJC_ISA_USAGE = YES_ERROR;
				CLANG_WARN_EMPTY_BODY = YES;
				CLANG_WARN_ENUM_CONVERSION = YES;
				CLANG_WARN_INT_CONVERSION = YES;
				CLANG_WARN_OBJC_ROOT_CLASS = YES_ERROR;
				CLANG_WARN_UNREACHABLE_CODE = YES;
				CLANG_WARN__DUPLICATE_METHOD_MATCH = YES;
				"CODE_SIGN_IDENTITY[sdk=iphoneos*]" = "iPhone Developer";
				COPY_PHASE_STRIP = NO;
				DEBUG_INFORMATION_FORMAT = dwarf;
				ENABLE_STRICT_OBJC_MSGSEND = YES;
				ENABLE_TESTABILITY = YES;
				GCC_C_LANGUAGE_STANDARD = gnu99;
				GCC_DYNAMIC_NO_PIC = NO;
				GCC_NO_COMMON_BLOCKS = YES;
				GCC_OPTIMIZATION_LEVEL = 0;
				GCC_PREPROCESSOR_DEFINITIONS = (
					"DEBUG=1",
					"$(inherited)",
				);
				GCC_WARN_64_TO_32_BIT_CONVERSION = YES;
				GCC_WARN_ABOUT_RETURN_TYPE = YES_ERROR;
				GCC_WARN_UNDECLARED_SELECTOR = YES;
				GCC_WARN_UNINITIALIZED_AUTOS = YES_AGGRESSIVE;
				GCC_WARN_UNUSED_FUNCTION = YES;
				GCC_WARN_UNUSED_VARIABLE = YES;
				IPHONEOS_DEPLOYMENT_TARGET = 9.3;
				MTL_ENABLE_DEBUG_INFO = YES;
				ONLY_ACTIVE_ARCH = YES;
				SDKROOT = iphoneos;
			};
			name = Debug;
		};
		A859DB411CE1984600AB0590 /* Release */ = {
			isa = XCBuildConfiguration;
			buildSettings = {
				ALWAYS_SEARCH_USER_PATHS = NO;
				CLANG_ANALYZER_NONNULL = YES;
				CLANG_CXX_LANGUAGE_STANDARD = "gnu++0x";
				CLANG_CXX_LIBRARY = "libc++";
				CLANG_ENABLE_MODULES = YES;
				CLANG_ENABLE_OBJC_ARC = YES;
				CLANG_WARN_BOOL_CONVERSION = YES;
				CLANG_WARN_CONSTANT_CONVERSION = YES;
				CLANG_WARN_DIRECT_OBJC_ISA_USAGE = YES_ERROR;
				CLANG_WARN_EMPTY_BODY = YES;
				CLANG_WARN_ENUM_CONVERSION = YES;
				CLANG_WARN_INT_CONVERSION = YES;
				CLANG_WARN_OBJC_ROOT_CLASS = YES_ERROR;
				CLANG_WARN_UNREACHABLE_CODE = YES;
				CLANG_WARN__DUPLICATE_METHOD_MATCH = YES;
				"CODE_SIGN_IDENTITY[sdk=iphoneos*]" = "iPhone Developer";
				COPY_PHASE_STRIP = NO;
				DEBUG_INFORMATION_FORMAT = "dwarf-with-dsym";
				ENABLE_NS_ASSERTIONS = NO;
				ENABLE_STRICT_OBJC_MSGSEND = YES;
				GCC_C_LANGUAGE_STANDARD = gnu99;
				GCC_NO_COMMON_BLOCKS = YES;
				GCC_WARN_64_TO_32_BIT_CONVERSION = YES;
				GCC_WARN_ABOUT_RETURN_TYPE = YES_ERROR;
				GCC_WARN_UNDECLARED_SELECTOR = YES;
				GCC_WARN_UNINITIALIZED_AUTOS = YES_AGGRESSIVE;
				GCC_WARN_UNUSED_FUNCTION = YES;
				GCC_WARN_UNUSED_VARIABLE = YES;
				IPHONEOS_DEPLOYMENT_TARGET = 9.3;
				MTL_ENABLE_DEBUG_INFO = NO;
				SDKROOT = iphoneos;
				VALIDATE_PRODUCT = YES;
			};
			name = Release;
		};
		A859DB431CE1984600AB0590 /* Debug */ = {
			isa = XCBuildConfiguration;
			buildSettings = {
				ASSETCATALOG_COMPILER_APPICON_NAME = AppIcon;
				INFOPLIST_FILE = AT_benchmarking/Info.plist;
				LD_RUNPATH_SEARCH_PATHS = "$(inherited) @executable_path/Frameworks";
				PRODUCT_BUNDLE_IDENTIFIER = "org.nhnnext.AT-benchmarking";
				PRODUCT_NAME = "$(TARGET_NAME)";
			};
			name = Debug;
		};
		A859DB441CE1984600AB0590 /* Release */ = {
			isa = XCBuildConfiguration;
			buildSettings = {
				ASSETCATALOG_COMPILER_APPICON_NAME = AppIcon;
				INFOPLIST_FILE = AT_benchmarking/Info.plist;
				LD_RUNPATH_SEARCH_PATHS = "$(inherited) @executable_path/Frameworks";
				PRODUCT_BUNDLE_IDENTIFIER = "org.nhnnext.AT-benchmarking";
				PRODUCT_NAME = "$(TARGET_NAME)";
			};
			name = Release;
		};
/* End XCBuildConfiguration section */

/* Begin XCConfigurationList section */
		A859DB261CE1984500AB0590 /* Build configuration list for PBXProject "AT_benchmarking" */ = {
			isa = XCConfigurationList;
			buildConfigurations = (
				A859DB401CE1984600AB0590 /* Debug */,
				A859DB411CE1984600AB0590 /* Release */,
			);
			defaultConfigurationIsVisible = 0;
			defaultConfigurationName = Release;
		};
		A859DB421CE1984600AB0590 /* Build configuration list for PBXNativeTarget "AT_benchmarking" */ = {
			isa = XCConfigurationList;
			buildConfigurations = (
				A859DB431CE1984600AB0590 /* Debug */,
				A859DB441CE1984600AB0590 /* Release */,
			);
			defaultConfigurationIsVisible = 0;
			defaultConfigurationName = Release;
		};
/* End XCConfigurationList section */
	};
	rootObject = A859DB231CE1984500AB0590 /* Project object */;
}
